// !$*UTF8*$!
{
	archiveVersion = 1;
	classes = {
	};
	objectVersion = 50;
	objects = {

/* Begin PBXBuildFile section */
		B901D000251BBB280047EF8D /* BottomButton.swift in Sources */ = {isa = PBXBuildFile; fileRef = B901CFFF251BBB280047EF8D /* BottomButton.swift */; };
		B901D006251BBD700047EF8D /* FirstPrayersViewController.swift in Sources */ = {isa = PBXBuildFile; fileRef = B901D005251BBD700047EF8D /* FirstPrayersViewController.swift */; };
		B901D010251BC0F30047EF8D /* K.swift in Sources */ = {isa = PBXBuildFile; fileRef = B901D00F251BC0F30047EF8D /* K.swift */; };
		B901D013251BC9C60047EF8D /* DaysViewController.swift in Sources */ = {isa = PBXBuildFile; fileRef = B901D012251BC9C60047EF8D /* DaysViewController.swift */; };
		B901D017251BCC5B0047EF8D /* JoyfulViewController.swift in Sources */ = {isa = PBXBuildFile; fileRef = B901D016251BCC5B0047EF8D /* JoyfulViewController.swift */; };
		B98E5005251907EC00861145 /* AppDelegate.swift in Sources */ = {isa = PBXBuildFile; fileRef = B98E5004251907EC00861145 /* AppDelegate.swift */; };
		B98E5007251907EC00861145 /* SceneDelegate.swift in Sources */ = {isa = PBXBuildFile; fileRef = B98E5006251907EC00861145 /* SceneDelegate.swift */; };
		B98E5009251907EC00861145 /* ViewController.swift in Sources */ = {isa = PBXBuildFile; fileRef = B98E5008251907EC00861145 /* ViewController.swift */; };
		B98E500C251907EC00861145 /* Main.storyboard in Resources */ = {isa = PBXBuildFile; fileRef = B98E500A251907EC00861145 /* Main.storyboard */; };
		B98E5011251907EE00861145 /* LaunchScreen.storyboard in Resources */ = {isa = PBXBuildFile; fileRef = B98E500F251907EE00861145 /* LaunchScreen.storyboard */; };
		B98E501A2519080100861145 /* Prayers.swift in Sources */ = {isa = PBXBuildFile; fileRef = B98E50192519080100861145 /* Prayers.swift */; };
		B98E501F2519086100861145 /* PrayerArray.swift in Sources */ = {isa = PBXBuildFile; fileRef = B98E501E2519086100861145 /* PrayerArray.swift */; };
		B98E5023251916FA00861145 /* Assets.xcassets in Resources */ = {isa = PBXBuildFile; fileRef = B98E5022251916FA00861145 /* Assets.xcassets */; };
		B9E6BCA9251E4CE6005AC31B /* EndingViewController.swift in Sources */ = {isa = PBXBuildFile; fileRef = B9E6BCA8251E4CE6005AC31B /* EndingViewController.swift */; };
/* End PBXBuildFile section */

/* Begin PBXFileReference section */
		B901CFFF251BBB280047EF8D /* BottomButton.swift */ = {isa = PBXFileReference; lastKnownFileType = sourcecode.swift; path = BottomButton.swift; sourceTree = "<group>"; };
		B901D005251BBD700047EF8D /* FirstPrayersViewController.swift */ = {isa = PBXFileReference; lastKnownFileType = sourcecode.swift; path = FirstPrayersViewController.swift; sourceTree = "<group>"; };
		B901D00F251BC0F30047EF8D /* K.swift */ = {isa = PBXFileReference; lastKnownFileType = sourcecode.swift; path = K.swift; sourceTree = "<group>"; };
		B901D012251BC9C60047EF8D /* DaysViewController.swift */ = {isa = PBXFileReference; lastKnownFileType = sourcecode.swift; path = DaysViewController.swift; sourceTree = "<group>"; };
		B901D016251BCC5B0047EF8D /* JoyfulViewController.swift */ = {isa = PBXFileReference; lastKnownFileType = sourcecode.swift; path = JoyfulViewController.swift; sourceTree = "<group>"; };
		B98E5001251907EC00861145 /* Rosary Test.app */ = {isa = PBXFileReference; explicitFileType = wrapper.application; includeInIndex = 0; path = "Rosary Test.app"; sourceTree = BUILT_PRODUCTS_DIR; };
		B98E5004251907EC00861145 /* AppDelegate.swift */ = {isa = PBXFileReference; lastKnownFileType = sourcecode.swift; path = AppDelegate.swift; sourceTree = "<group>"; };
		B98E5006251907EC00861145 /* SceneDelegate.swift */ = {isa = PBXFileReference; lastKnownFileType = sourcecode.swift; path = SceneDelegate.swift; sourceTree = "<group>"; };
		B98E5008251907EC00861145 /* ViewController.swift */ = {isa = PBXFileReference; lastKnownFileType = sourcecode.swift; path = ViewController.swift; sourceTree = "<group>"; };
		B98E500B251907EC00861145 /* Base */ = {isa = PBXFileReference; lastKnownFileType = file.storyboard; name = Base; path = Base.lproj/Main.storyboard; sourceTree = "<group>"; };
		B98E5010251907EE00861145 /* Base */ = {isa = PBXFileReference; lastKnownFileType = file.storyboard; name = Base; path = Base.lproj/LaunchScreen.storyboard; sourceTree = "<group>"; };
		B98E5012251907EE00861145 /* Info.plist */ = {isa = PBXFileReference; lastKnownFileType = text.plist.xml; path = Info.plist; sourceTree = "<group>"; };
		B98E50192519080100861145 /* Prayers.swift */ = {isa = PBXFileReference; lastKnownFileType = sourcecode.swift; path = Prayers.swift; sourceTree = "<group>"; };
		B98E501E2519086100861145 /* PrayerArray.swift */ = {isa = PBXFileReference; lastKnownFileType = sourcecode.swift; path = PrayerArray.swift; sourceTree = "<group>"; };
		B98E5022251916FA00861145 /* Assets.xcassets */ = {isa = PBXFileReference; lastKnownFileType = folder.assetcatalog; path = Assets.xcassets; sourceTree = "<group>"; };
		B9E6BCA8251E4CE6005AC31B /* EndingViewController.swift */ = {isa = PBXFileReference; lastKnownFileType = sourcecode.swift; path = EndingViewController.swift; sourceTree = "<group>"; };
/* End PBXFileReference section */

/* Begin PBXFrameworksBuildPhase section */
		B98E4FFE251907EC00861145 /* Frameworks */ = {
			isa = PBXFrameworksBuildPhase;
			buildActionMask = 2147483647;
			files = (
			);
			runOnlyForDeploymentPostprocessing = 0;
		};
/* End PBXFrameworksBuildPhase section */

/* Begin PBXGroup section */
		B901CFFD251BBB010047EF8D /* View */ = {
			isa = PBXGroup;
			children = (
				B901CFFF251BBB280047EF8D /* BottomButton.swift */,
			);
			path = View;
			sourceTree = "<group>";
		};
		B901D002251BBD550047EF8D /* Controller */ = {
			isa = PBXGroup;
			children = (
				B9E6BCA7251E4CD6005AC31B /* Ending */,
				B901D015251BCBCF0047EF8D /* Joyful */,
				B98E5008251907EC00861145 /* ViewController.swift */,
				B901D005251BBD700047EF8D /* FirstPrayersViewController.swift */,
				B901D012251BC9C60047EF8D /* DaysViewController.swift */,
			);
			path = Controller;
			sourceTree = "<group>";
		};
		B901D009251BC05C0047EF8D /* SupportingFiles */ = {
			isa = PBXGroup;
			children = (
				B901D00F251BC0F30047EF8D /* K.swift */,
			);
			path = SupportingFiles;
			sourceTree = "<group>";
		};
		B901D015251BCBCF0047EF8D /* Joyful */ = {
			isa = PBXGroup;
			children = (
				B901D016251BCC5B0047EF8D /* JoyfulViewController.swift */,
			);
			path = Joyful;
			sourceTree = "<group>";
		};
		B98E4FF8251907EC00861145 = {
			isa = PBXGroup;
			children = (
				B98E5003251907EC00861145 /* Rosary Test */,
				B98E5002251907EC00861145 /* Products */,
			);
			sourceTree = "<group>";
		};
		B98E5002251907EC00861145 /* Products */ = {
			isa = PBXGroup;
			children = (
				B98E5001251907EC00861145 /* Rosary Test.app */,
			);
			name = Products;
			sourceTree = "<group>";
		};
		B98E5003251907EC00861145 /* Rosary Test */ = {
			isa = PBXGroup;
			children = (
				B901D009251BC05C0047EF8D /* SupportingFiles */,
				B98E5004251907EC00861145 /* AppDelegate.swift */,
				B98E5006251907EC00861145 /* SceneDelegate.swift */,
				B901D002251BBD550047EF8D /* Controller */,
				B98E500A251907EC00861145 /* Main.storyboard */,
				B98E500F251907EE00861145 /* LaunchScreen.storyboard */,
				B98E5022251916FA00861145 /* Assets.xcassets */,
				B98E5012251907EE00861145 /* Info.plist */,
				B98E501C2519084800861145 /* Model */,
				B901CFFD251BBB010047EF8D /* View */,
			);
			path = "Rosary Test";
			sourceTree = "<group>";
		};
		B98E501C2519084800861145 /* Model */ = {
			isa = PBXGroup;
			children = (
				B98E50192519080100861145 /* Prayers.swift */,
				B98E501E2519086100861145 /* PrayerArray.swift */,
			);
			path = Model;
			sourceTree = "<group>";
		};
		B9E6BCA7251E4CD6005AC31B /* Ending */ = {
			isa = PBXGroup;
			children = (
				B9E6BCA8251E4CE6005AC31B /* EndingViewController.swift */,
			);
			path = Ending;
			sourceTree = "<group>";
		};
/* End PBXGroup section */

/* Begin PBXNativeTarget section */
		B98E5000251907EC00861145 /* Rosary Test */ = {
			isa = PBXNativeTarget;
			buildConfigurationList = B98E5015251907EE00861145 /* Build configuration list for PBXNativeTarget "Rosary Test" */;
			buildPhases = (
				B98E4FFD251907EC00861145 /* Sources */,
				B98E4FFE251907EC00861145 /* Frameworks */,
				B98E4FFF251907EC00861145 /* Resources */,
			);
			buildRules = (
			);
			dependencies = (
			);
			name = "Rosary Test";
			productName = "Rosary Test";
			productReference = B98E5001251907EC00861145 /* Rosary Test.app */;
			productType = "com.apple.product-type.application";
		};
/* End PBXNativeTarget section */

/* Begin PBXProject section */
		B98E4FF9251907EC00861145 /* Project object */ = {
			isa = PBXProject;
			attributes = {
				LastSwiftUpdateCheck = 1200;
				LastUpgradeCheck = 1200;
				TargetAttributes = {
					B98E5000251907EC00861145 = {
						CreatedOnToolsVersion = 12.0;
					};
				};
			};
			buildConfigurationList = B98E4FFC251907EC00861145 /* Build configuration list for PBXProject "Rosary Test" */;
			compatibilityVersion = "Xcode 9.3";
			developmentRegion = en;
			hasScannedForEncodings = 0;
			knownRegions = (
				en,
				Base,
			);
			mainGroup = B98E4FF8251907EC00861145;
			productRefGroup = B98E5002251907EC00861145 /* Products */;
			projectDirPath = "";
			projectRoot = "";
			targets = (
				B98E5000251907EC00861145 /* Rosary Test */,
			);
		};
/* End PBXProject section */

/* Begin PBXResourcesBuildPhase section */
		B98E4FFF251907EC00861145 /* Resources */ = {
			isa = PBXResourcesBuildPhase;
			buildActionMask = 2147483647;
			files = (
				B98E5011251907EE00861145 /* LaunchScreen.storyboard in Resources */,
				B98E5023251916FA00861145 /* Assets.xcassets in Resources */,
				B98E500C251907EC00861145 /* Main.storyboard in Resources */,
			);
			runOnlyForDeploymentPostprocessing = 0;
		};
/* End PBXResourcesBuildPhase section */

/* Begin PBXSourcesBuildPhase section */
		B98E4FFD251907EC00861145 /* Sources */ = {
			isa = PBXSourcesBuildPhase;
			buildActionMask = 2147483647;
			files = (
				B901D000251BBB280047EF8D /* BottomButton.swift in Sources */,
				B901D017251BCC5B0047EF8D /* JoyfulViewController.swift in Sources */,
				B98E5009251907EC00861145 /* ViewController.swift in Sources */,
				B98E5005251907EC00861145 /* AppDelegate.swift in Sources */,
				B98E501A2519080100861145 /* Prayers.swift in Sources */,
				B98E501F2519086100861145 /* PrayerArray.swift in Sources */,
				B9E6BCA9251E4CE6005AC31B /* EndingViewController.swift in Sources */,
				B901D010251BC0F30047EF8D /* K.swift in Sources */,
				B901D013251BC9C60047EF8D /* DaysViewController.swift in Sources */,
				B98E5007251907EC00861145 /* SceneDelegate.swift in Sources */,
				B901D006251BBD700047EF8D /* FirstPrayersViewController.swift in Sources */,
			);
			runOnlyForDeploymentPostprocessing = 0;
		};
/* End PBXSourcesBuildPhase section */

/* Begin PBXVariantGroup section */
		B98E500A251907EC00861145 /* Main.storyboard */ = {
			isa = PBXVariantGroup;
			children = (
				B98E500B251907EC00861145 /* Base */,
			);
			name = Main.storyboard;
			sourceTree = "<group>";
		};
		B98E500F251907EE00861145 /* LaunchScreen.storyboard */ = {
			isa = PBXVariantGroup;
			children = (
				B98E5010251907EE00861145 /* Base */,
			);
			name = LaunchScreen.storyboard;
			sourceTree = "<group>";
		};
/* End PBXVariantGroup section */

/* Begin XCBuildConfiguration section */
		B98E5013251907EE00861145 /* Debug */ = {
			isa = XCBuildConfiguration;
			buildSettings = {
				ALWAYS_SEARCH_USER_PATHS = NO;
				CLANG_ANALYZER_NONNULL = YES;
				CLANG_ANALYZER_NUMBER_OBJECT_CONVERSION = YES_AGGRESSIVE;
				CLANG_CXX_LANGUAGE_STANDARD = "gnu++14";
				CLANG_CXX_LIBRARY = "libc++";
				CLANG_ENABLE_MODULES = YES;
				CLANG_ENABLE_OBJC_ARC = YES;
				CLANG_ENABLE_OBJC_WEAK = YES;
				CLANG_WARN_BLOCK_CAPTURE_AUTORELEASING = YES;
				CLANG_WARN_BOOL_CONVERSION = YES;
				CLANG_WARN_COMMA = YES;
				CLANG_WARN_CONSTANT_CONVERSION = YES;
				CLANG_WARN_DEPRECATED_OBJC_IMPLEMENTATIONS = YES;
				CLANG_WARN_DIRECT_OBJC_ISA_USAGE = YES_ERROR;
				CLANG_WARN_DOCUMENTATION_COMMENTS = YES;
				CLANG_WARN_EMPTY_BODY = YES;
				CLANG_WARN_ENUM_CONVERSION = YES;
				CLANG_WARN_INFINITE_RECURSION = YES;
				CLANG_WARN_INT_CONVERSION = YES;
				CLANG_WARN_NON_LITERAL_NULL_CONVERSION = YES;
				CLANG_WARN_OBJC_IMPLICIT_RETAIN_SELF = YES;
				CLANG_WARN_OBJC_LITERAL_CONVERSION = YES;
				CLANG_WARN_OBJC_ROOT_CLASS = YES_ERROR;
				CLANG_WARN_QUOTED_INCLUDE_IN_FRAMEWORK_HEADER = YES;
				CLANG_WARN_RANGE_LOOP_ANALYSIS = YES;
				CLANG_WARN_STRICT_PROTOTYPES = YES;
				CLANG_WARN_SUSPICIOUS_MOVE = YES;
				CLANG_WARN_UNGUARDED_AVAILABILITY = YES_AGGRESSIVE;
				CLANG_WARN_UNREACHABLE_CODE = YES;
				CLANG_WARN__DUPLICATE_METHOD_MATCH = YES;
				COPY_PHASE_STRIP = NO;
				DEBUG_INFORMATION_FORMAT = dwarf;
				ENABLE_STRICT_OBJC_MSGSEND = YES;
				ENABLE_TESTABILITY = YES;
				GCC_C_LANGUAGE_STANDARD = gnu11;
				GCC_DYNAMIC_NO_PIC = NO;
				GCC_NO_COMMON_BLOCKS = YES;
				GCC_OPTIMIZATION_LEVEL = 0;
				GCC_PREPROCESSOR_DEFINITIONS = (
					"DEBUG=1",
					"$(inherited)",
				);
				GCC_WARN_64_TO_32_BIT_CONVERSION = YES;
				GCC_WARN_ABOUT_RETURN_TYPE = YES_ERROR;
				GCC_WARN_UNDECLARED_SELECTOR = YES;
				GCC_WARN_UNINITIALIZED_AUTOS = YES_AGGRESSIVE;
				GCC_WARN_UNUSED_FUNCTION = YES;
				GCC_WARN_UNUSED_VARIABLE = YES;
				IPHONEOS_DEPLOYMENT_TARGET = 14.0;
				MTL_ENABLE_DEBUG_INFO = INCLUDE_SOURCE;
				MTL_FAST_MATH = YES;
				ONLY_ACTIVE_ARCH = YES;
				SDKROOT = iphoneos;
				SWIFT_ACTIVE_COMPILATION_CONDITIONS = DEBUG;
				SWIFT_OPTIMIZATION_LEVEL = "-Onone";
			};
			name = Debug;
		};
		B98E5014251907EE00861145 /* Release */ = {
			isa = XCBuildConfiguration;
			buildSettings = {
				ALWAYS_SEARCH_USER_PATHS = NO;
				CLANG_ANALYZER_NONNULL = YES;
				CLANG_ANALYZER_NUMBER_OBJECT_CONVERSION = YES_AGGRESSIVE;
				CLANG_CXX_LANGUAGE_STANDARD = "gnu++14";
				CLANG_CXX_LIBRARY = "libc++";
				CLANG_ENABLE_MODULES = YES;
				CLANG_ENABLE_OBJC_ARC = YES;
				CLANG_ENABLE_OBJC_WEAK = YES;
				CLANG_WARN_BLOCK_CAPTURE_AUTORELEASING = YES;
				CLANG_WARN_BOOL_CONVERSION = YES;
				CLANG_WARN_COMMA = YES;
				CLANG_WARN_CONSTANT_CONVERSION = YES;
				CLANG_WARN_DEPRECATED_OBJC_IMPLEMENTATIONS = YES;
				CLANG_WARN_DIRECT_OBJC_ISA_USAGE = YES_ERROR;
				CLANG_WARN_DOCUMENTATION_COMMENTS = YES;
				CLANG_WARN_EMPTY_BODY = YES;
				CLANG_WARN_ENUM_CONVERSION = YES;
				CLANG_WARN_INFINITE_RECURSION = YES;
				CLANG_WARN_INT_CONVERSION = YES;
				CLANG_WARN_NON_LITERAL_NULL_CONVERSION = YES;
				CLANG_WARN_OBJC_IMPLICIT_RETAIN_SELF = YES;
				CLANG_WARN_OBJC_LITERAL_CONVERSION = YES;
				CLANG_WARN_OBJC_ROOT_CLASS = YES_ERROR;
				CLANG_WARN_QUOTED_INCLUDE_IN_FRAMEWORK_HEADER = YES;
				CLANG_WARN_RANGE_LOOP_ANALYSIS = YES;
				CLANG_WARN_STRICT_PROTOTYPES = YES;
				CLANG_WARN_SUSPICIOUS_MOVE = YES;
				CLANG_WARN_UNGUARDED_AVAILABILITY = YES_AGGRESSIVE;
				CLANG_WARN_UNREACHABLE_CODE = YES;
				CLANG_WARN__DUPLICATE_METHOD_MATCH = YES;
				COPY_PHASE_STRIP = NO;
				DEBUG_INFORMATION_FORMAT = "dwarf-with-dsym";
				ENABLE_NS_ASSERTIONS = NO;
				ENABLE_STRICT_OBJC_MSGSEND = YES;
				GCC_C_LANGUAGE_STANDARD = gnu11;
				GCC_NO_COMMON_BLOCKS = YES;
				GCC_WARN_64_TO_32_BIT_CONVERSION = YES;
				GCC_WARN_ABOUT_RETURN_TYPE = YES_ERROR;
				GCC_WARN_UNDECLARED_SELECTOR = YES;
				GCC_WARN_UNINITIALIZED_AUTOS = YES_AGGRESSIVE;
				GCC_WARN_UNUSED_FUNCTION = YES;
				GCC_WARN_UNUSED_VARIABLE = YES;
				IPHONEOS_DEPLOYMENT_TARGET = 14.0;
				MTL_ENABLE_DEBUG_INFO = NO;
				MTL_FAST_MATH = YES;
				SDKROOT = iphoneos;
				SWIFT_COMPILATION_MODE = wholemodule;
				SWIFT_OPTIMIZATION_LEVEL = "-O";
				VALIDATE_PRODUCT = YES;
			};
			name = Release;
		};
		B98E5016251907EE00861145 /* Debug */ = {
			isa = XCBuildConfiguration;
			buildSettings = {
				ASSETCATALOG_COMPILER_APPICON_NAME = AppIcon;
				ASSETCATALOG_COMPILER_GLOBAL_ACCENT_COLOR_NAME = AccentColor;
				CODE_SIGN_STYLE = Automatic;
				DEVELOPMENT_TEAM = 78977XTL46;
				INFOPLIST_FILE = "Rosary Test/Info.plist";
				LD_RUNPATH_SEARCH_PATHS = (
					"$(inherited)",
					"@executable_path/Frameworks",
				);
				PRODUCT_BUNDLE_IDENTIFIER = "com.rscottsites.Rosary-Test";
				PRODUCT_NAME = "$(TARGET_NAME)";
				SWIFT_VERSION = 5.0;
				TARGETED_DEVICE_FAMILY = "1,2";
			};
			name = Debug;
		};
		B98E5017251907EE00861145 /* Release */ = {
			isa = XCBuildConfiguration;
			buildSettings = {
				ASSETCATALOG_COMPILER_APPICON_NAME = AppIcon;
				ASSETCATALOG_COMPILER_GLOBAL_ACCENT_COLOR_NAME = AccentColor;
				CODE_SIGN_STYLE = Automatic;
				DEVELOPMENT_TEAM = 78977XTL46;
				INFOPLIST_FILE = "Rosary Test/Info.plist";
				LD_RUNPATH_SEARCH_PATHS = (
					"$(inherited)",
					"@executable_path/Frameworks",
				);
				PRODUCT_BUNDLE_IDENTIFIER = "com.rscottsites.Rosary-Test";
				PRODUCT_NAME = "$(TARGET_NAME)";
				SWIFT_VERSION = 5.0;
				TARGETED_DEVICE_FAMILY = "1,2";
			};
			name = Release;
		};
/* End XCBuildConfiguration section */

/* Begin XCConfigurationList section */
		B98E4FFC251907EC00861145 /* Build configuration list for PBXProject "Rosary Test" */ = {
			isa = XCConfigurationList;
			buildConfigurations = (
				B98E5013251907EE00861145 /* Debug */,
				B98E5014251907EE00861145 /* Release */,
			);
			defaultConfigurationIsVisible = 0;
			defaultConfigurationName = Release;
		};
		B98E5015251907EE00861145 /* Build configuration list for PBXNativeTarget "Rosary Test" */ = {
			isa = XCConfigurationList;
			buildConfigurations = (
				B98E5016251907EE00861145 /* Debug */,
				B98E5017251907EE00861145 /* Release */,
			);
			defaultConfigurationIsVisible = 0;
			defaultConfigurationName = Release;
		};
/* End XCConfigurationList section */
	};
	rootObject = B98E4FF9251907EC00861145 /* Project object */;
}
